
Microsoft Visual Studio Solution File, Format Version 12.00
# Visual Studio Version 17
VisualStudioVersion = 17.8.0.0
MinimumVisualStudioVersion = 17.8.0.0
Project("{9A19103F-16F7-4668-BE54-9A1E7A4F7556}") = "IoTSimAspire.AppHost", "IoTSimAspire.AppHost\IoTSimAspire.AppHost.csproj", "{A10CE6E3-BBD2-468A-A965-5B67B1AAF218}"
EndProject
Project("{9A19103F-16F7-4668-BE54-9A1E7A4F7556}") = "IoTSimAspire.ServiceDefaults", "IoTSimAspire.ServiceDefaults\IoTSimAspire.ServiceDefaults.csproj", "{DADDB7DD-11AB-484A-AB8C-D47E61B624A4}"
EndProject
Project("{9A19103F-16F7-4668-BE54-9A1E7A4F7556}") = "IoTSimAspire.ApiService", "IoTSimAspire.ApiService\IoTSimAspire.ApiService.csproj", "{4A238B6E-EC08-4B70-907E-2D7313D58AD6}"
EndProject
Project("{9A19103F-16F7-4668-BE54-9A1E7A4F7556}") = "IoTSimAspire.Web", "IoTSimAspire.Web\IoTSimAspire.Web.csproj", "{6637E9EE-04B0-4B4D-982E-A7876545AC13}"
EndProject
Project("{FAE04EC0-301F-11D3-BF4B-00C04F79EFBC}") = "TelemetryWorker", "TelemetryWorker\TelemetryWorker.csproj", "{6EBFF3EA-87F7-425D-8A30-8CDCA7D6E944}"
EndProject
Global
	GlobalSection(SolutionConfigurationPlatforms) = preSolution
		Debug|Any CPU = Debug|Any CPU
		Debug|x64 = Debug|x64
		Debug|x86 = Debug|x86
		Release|Any CPU = Release|Any CPU
		Release|x64 = Release|x64
		Release|x86 = Release|x86
	EndGlobalSection
	GlobalSection(ProjectConfigurationPlatforms) = postSolution
		{A10CE6E3-BBD2-468A-A965-5B67B1AAF218}.Debug|Any CPU.ActiveCfg = Debug|Any CPU
		{A10CE6E3-BBD2-468A-A965-5B67B1AAF218}.Debug|Any CPU.Build.0 = Debug|Any CPU
		{A10CE6E3-BBD2-468A-A965-5B67B1AAF218}.Debug|x64.ActiveCfg = Debug|Any CPU
		{A10CE6E3-BBD2-468A-A965-5B67B1AAF218}.Debug|x64.Build.0 = Debug|Any CPU
		{A10CE6E3-BBD2-468A-A965-5B67B1AAF218}.Debug|x86.ActiveCfg = Debug|Any CPU
		{A10CE6E3-BBD2-468A-A965-5B67B1AAF218}.Debug|x86.Build.0 = Debug|Any CPU
		{A10CE6E3-BBD2-468A-A965-5B67B1AAF218}.Release|Any CPU.ActiveCfg = Release|Any CPU
		{A10CE6E3-BBD2-468A-A965-5B67B1AAF218}.Release|Any CPU.Build.0 = Release|Any CPU
		{A10CE6E3-BBD2-468A-A965-5B67B1AAF218}.Release|x64.ActiveCfg = Release|Any CPU
		{A10CE6E3-BBD2-468A-A965-5B67B1AAF218}.Release|x64.Build.0 = Release|Any CPU
		{A10CE6E3-BBD2-468A-A965-5B67B1AAF218}.Release|x86.ActiveCfg = Release|Any CPU
		{A10CE6E3-BBD2-468A-A965-5B67B1AAF218}.Release|x86.Build.0 = Release|Any CPU
		{DADDB7DD-11AB-484A-AB8C-D47E61B624A4}.Debug|Any CPU.ActiveCfg = Debug|Any CPU
		{DADDB7DD-11AB-484A-AB8C-D47E61B624A4}.Debug|Any CPU.Build.0 = Debug|Any CPU
		{DADDB7DD-11AB-484A-AB8C-D47E61B624A4}.Debug|x64.ActiveCfg = Debug|Any CPU
		{DADDB7DD-11AB-484A-AB8C-D47E61B624A4}.Debug|x64.Build.0 = Debug|Any CPU
		{DADDB7DD-11AB-484A-AB8C-D47E61B624A4}.Debug|x86.ActiveCfg = Debug|Any CPU
		{DADDB7DD-11AB-484A-AB8C-D47E61B624A4}.Debug|x86.Build.0 = Debug|Any CPU
		{DADDB7DD-11AB-484A-AB8C-D47E61B624A4}.Release|Any CPU.ActiveCfg = Release|Any CPU
		{DADDB7DD-11AB-484A-AB8C-D47E61B624A4}.Release|Any CPU.Build.0 = Release|Any CPU
		{DADDB7DD-11AB-484A-AB8C-D47E61B624A4}.Release|x64.ActiveCfg = Release|Any CPU
		{DADDB7DD-11AB-484A-AB8C-D47E61B624A4}.Release|x64.Build.0 = Release|Any CPU
		{DADDB7DD-11AB-484A-AB8C-D47E61B624A4}.Release|x86.ActiveCfg = Release|Any CPU
		{DADDB7DD-11AB-484A-AB8C-D47E61B624A4}.Release|x86.Build.0 = Release|Any CPU
		{4A238B6E-EC08-4B70-907E-2D7313D58AD6}.Debug|Any CPU.ActiveCfg = Debug|Any CPU
		{4A238B6E-EC08-4B70-907E-2D7313D58AD6}.Debug|Any CPU.Build.0 = Debug|Any CPU
		{4A238B6E-EC08-4B70-907E-2D7313D58AD6}.Debug|x64.ActiveCfg = Debug|Any CPU
		{4A238B6E-EC08-4B70-907E-2D7313D58AD6}.Debug|x64.Build.0 = Debug|Any CPU
		{4A238B6E-EC08-4B70-907E-2D7313D58AD6}.Debug|x86.ActiveCfg = Debug|Any CPU
		{4A238B6E-EC08-4B70-907E-2D7313D58AD6}.Debug|x86.Build.0 = Debug|Any CPU
		{4A238B6E-EC08-4B70-907E-2D7313D58AD6}.Release|Any CPU.ActiveCfg = Release|Any CPU
		{4A238B6E-EC08-4B70-907E-2D7313D58AD6}.Release|Any CPU.Build.0 = Release|Any CPU
		{4A238B6E-EC08-4B70-907E-2D7313D58AD6}.Release|x64.ActiveCfg = Release|Any CPU
		{4A238B6E-EC08-4B70-907E-2D7313D58AD6}.Release|x64.Build.0 = Release|Any CPU
		{4A238B6E-EC08-4B70-907E-2D7313D58AD6}.Release|x86.ActiveCfg = Release|Any CPU
		{4A238B6E-EC08-4B70-907E-2D7313D58AD6}.Release|x86.Build.0 = Release|Any CPU
		{6637E9EE-04B0-4B4D-982E-A7876545AC13}.Debug|Any CPU.ActiveCfg = Debug|Any CPU
		{6637E9EE-04B0-4B4D-982E-A7876545AC13}.Debug|Any CPU.Build.0 = Debug|Any CPU
		{6637E9EE-04B0-4B4D-982E-A7876545AC13}.Debug|x64.ActiveCfg = Debug|Any CPU
		{6637E9EE-04B0-4B4D-982E-A7876545AC13}.Debug|x64.Build.0 = Debug|Any CPU
		{6637E9EE-04B0-4B4D-982E-A7876545AC13}.Debug|x86.ActiveCfg = Debug|Any CPU
		{6637E9EE-04B0-4B4D-982E-A7876545AC13}.Debug|x86.Build.0 = Debug|Any CPU
		{6637E9EE-04B0-4B4D-982E-A7876545AC13}.Release|Any CPU.ActiveCfg = Release|Any CPU
		{6637E9EE-04B0-4B4D-982E-A7876545AC13}.Release|Any CPU.Build.0 = Release|Any CPU
		{6637E9EE-04B0-4B4D-982E-A7876545AC13}.Release|x64.ActiveCfg = Release|Any CPU
		{6637E9EE-04B0-4B4D-982E-A7876545AC13}.Release|x64.Build.0 = Release|Any CPU
		{6637E9EE-04B0-4B4D-982E-A7876545AC13}.Release|x86.ActiveCfg = Release|Any CPU
		{6637E9EE-04B0-4B4D-982E-A7876545AC13}.Release|x86.Build.0 = Release|Any CPU
		{6EBFF3EA-87F7-425D-8A30-8CDCA7D6E944}.Debug|Any CPU.ActiveCfg = Debug|Any CPU
		{6EBFF3EA-87F7-425D-8A30-8CDCA7D6E944}.Debug|Any CPU.Build.0 = Debug|Any CPU
		{6EBFF3EA-87F7-425D-8A30-8CDCA7D6E944}.Debug|x64.ActiveCfg = Debug|Any CPU
		{6EBFF3EA-87F7-425D-8A30-8CDCA7D6E944}.Debug|x64.Build.0 = Debug|Any CPU
		{6EBFF3EA-87F7-425D-8A30-8CDCA7D6E944}.Debug|x86.ActiveCfg = Debug|Any CPU
		{6EBFF3EA-87F7-425D-8A30-8CDCA7D6E944}.Debug|x86.Build.0 = Debug|Any CPU
		{6EBFF3EA-87F7-425D-8A30-8CDCA7D6E944}.Release|Any CPU.ActiveCfg = Release|Any CPU
		{6EBFF3EA-87F7-425D-8A30-8CDCA7D6E944}.Release|Any CPU.Build.0 = Release|Any CPU
		{6EBFF3EA-87F7-425D-8A30-8CDCA7D6E944}.Release|x64.ActiveCfg = Release|Any CPU
		{6EBFF3EA-87F7-425D-8A30-8CDCA7D6E944}.Release|x64.Build.0 = Release|Any CPU
		{6EBFF3EA-87F7-425D-8A30-8CDCA7D6E944}.Release|x86.ActiveCfg = Release|Any CPU
		{6EBFF3EA-87F7-425D-8A30-8CDCA7D6E944}.Release|x86.Build.0 = Release|Any CPU
	EndGlobalSection
	GlobalSection(SolutionProperties) = preSolution
		HideSolutionNode = FALSE
	EndGlobalSection
	GlobalSection(ExtensibilityGlobals) = postSolution
		SolutionGuid = {368E8073-BDC5-465E-A550-6EEFCF81607D}
	EndGlobalSection
EndGlobal
